// !$*UTF8*$!
{
	archiveVersion = 1;
	classes = {
	};
	objectVersion = 77;
	objects = {

/* Begin PBXBuildFile section */
		646CEEB52DECB62B00B3D14A /* WidgetKit.framework in Frameworks */ = {isa = PBXBuildFile; fileRef = 646CEEB42DECB62B00B3D14A /* WidgetKit.framework */; };
		646CEEB72DECB62B00B3D14A /* SwiftUI.framework in Frameworks */ = {isa = PBXBuildFile; fileRef = 646CEEB62DECB62B00B3D14A /* SwiftUI.framework */; };
		646CEEC62DECB62D00B3D14A /* MonirInsightsWidgetExtension.appex in Embed Foundation Extensions */ = {isa = PBXBuildFile; fileRef = 646CEEB22DECB62B00B3D14A /* MonirInsightsWidgetExtension.appex */; settings = {ATTRIBUTES = (RemoveHeadersOnCopy, ); }; };
/* End PBXBuildFile section */

/* Begin PBXContainerItemProxy section */
		645A333D2E16F8380085E8E0 /* PBXContainerItemProxy */ = {
			isa = PBXContainerItemProxy;
			containerPortal = 645612632D9D49EB00B42A73 /* Project object */;
			proxyType = 1;
			remoteGlobalIDString = 6456126A2D9D49EB00B42A73;
			remoteInfo = m0nee;
		};
		646CEEC42DECB62D00B3D14A /* PBXContainerItemProxy */ = {
			isa = PBXContainerItemProxy;
			containerPortal = 645612632D9D49EB00B42A73 /* Project object */;
			proxyType = 1;
			remoteGlobalIDString = 646CEEB12DECB62B00B3D14A;
			remoteInfo = MonirInsightsWidgetExtension;
		};
/* End PBXContainerItemProxy section */

/* Begin PBXCopyFilesBuildPhase section */
		646CEEC72DECB62D00B3D14A /* Embed Foundation Extensions */ = {
			isa = PBXCopyFilesBuildPhase;
			buildActionMask = 2147483647;
			dstPath = "";
			dstSubfolderSpec = 13;
			files = (
				646CEEC62DECB62D00B3D14A /* MonirInsightsWidgetExtension.appex in Embed Foundation Extensions */,
			);
			name = "Embed Foundation Extensions";
			runOnlyForDeploymentPostprocessing = 0;
		};
/* End PBXCopyFilesBuildPhase section */

/* Begin PBXFileReference section */
		6456126B2D9D49EB00B42A73 /* m0nee.app */ = {isa = PBXFileReference; explicitFileType = wrapper.application; includeInIndex = 0; path = m0nee.app; sourceTree = BUILT_PRODUCTS_DIR; };
		645A33392E16F8380085E8E0 /* m0neeTests.xctest */ = {isa = PBXFileReference; explicitFileType = wrapper.cfbundle; includeInIndex = 0; path = m0neeTests.xctest; sourceTree = BUILT_PRODUCTS_DIR; };
		646734FA2E0DA37E00F726EE /* MonirInsightsWidgetExtension.entitlements */ = {isa = PBXFileReference; lastKnownFileType = text.plist.entitlements; path = MonirInsightsWidgetExtension.entitlements; sourceTree = "<group>"; };
		646CEEB22DECB62B00B3D14A /* MonirInsightsWidgetExtension.appex */ = {isa = PBXFileReference; explicitFileType = "wrapper.app-extension"; includeInIndex = 0; path = MonirInsightsWidgetExtension.appex; sourceTree = BUILT_PRODUCTS_DIR; };
		646CEEB42DECB62B00B3D14A /* WidgetKit.framework */ = {isa = PBXFileReference; lastKnownFileType = wrapper.framework; name = WidgetKit.framework; path = System/Library/Frameworks/WidgetKit.framework; sourceTree = SDKROOT; };
		646CEEB62DECB62B00B3D14A /* SwiftUI.framework */ = {isa = PBXFileReference; lastKnownFileType = wrapper.framework; name = SwiftUI.framework; path = System/Library/Frameworks/SwiftUI.framework; sourceTree = SDKROOT; };
		646CEECD2DECB6D400B3D14A /* MonirInsightsWidgetExtensionRelease.entitlements */ = {isa = PBXFileReference; lastKnownFileType = text.plist.entitlements; path = MonirInsightsWidgetExtensionRelease.entitlements; sourceTree = "<group>"; };
/* End PBXFileReference section */

/* Begin PBXFileSystemSynchronizedBuildFileExceptionSet section */
		640202922E19F6640010400F /* Exceptions for "m0nee" folder in "MonirInsightsWidgetExtension" target */ = {
			isa = PBXFileSystemSynchronizedBuildFileExceptionSet;
			membershipExceptions = (
				Extensions/CurrencyManager.swift,
			);
			target = 646CEEB12DECB62B00B3D14A /* MonirInsightsWidgetExtension */;
		};
		645612912D9D49ED00B42A73 /* Exceptions for "m0nee" folder in "m0nee" target */ = {
			isa = PBXFileSystemSynchronizedBuildFileExceptionSet;
			membershipExceptions = (
				Info.plist,
			);
			target = 6456126A2D9D49EB00B42A73 /* m0nee */;
		};
		646CEECB2DECB62D00B3D14A /* Exceptions for "MonirInsightsWidget" folder in "MonirInsightsWidgetExtension" target */ = {
			isa = PBXFileSystemSynchronizedBuildFileExceptionSet;
			membershipExceptions = (
				Info.plist,
			);
			target = 646CEEB12DECB62B00B3D14A /* MonirInsightsWidgetExtension */;
		};
/* End PBXFileSystemSynchronizedBuildFileExceptionSet section */

/* Begin PBXFileSystemSynchronizedRootGroup section */
		6456126D2D9D49EB00B42A73 /* m0nee */ = {
			isa = PBXFileSystemSynchronizedRootGroup;
			exceptions = (
				645612912D9D49ED00B42A73 /* Exceptions for "m0nee" folder in "m0nee" target */,
				640202922E19F6640010400F /* Exceptions for "m0nee" folder in "MonirInsightsWidgetExtension" target */,
			);
			path = m0nee;
			sourceTree = "<group>";
		};
		645A333A2E16F8380085E8E0 /* m0neeTests */ = {
			isa = PBXFileSystemSynchronizedRootGroup;
			path = m0neeTests;
			sourceTree = "<group>";
		};
		646CEEB82DECB62B00B3D14A /* MonirInsightsWidget */ = {
			isa = PBXFileSystemSynchronizedRootGroup;
			exceptions = (
				646CEECB2DECB62D00B3D14A /* Exceptions for "MonirInsightsWidget" folder in "MonirInsightsWidgetExtension" target */,
			);
			path = MonirInsightsWidget;
			sourceTree = "<group>";
		};
/* End PBXFileSystemSynchronizedRootGroup section */

/* Begin PBXFrameworksBuildPhase section */
		645612682D9D49EB00B42A73 /* Frameworks */ = {
			isa = PBXFrameworksBuildPhase;
			buildActionMask = 2147483647;
			files = (
			);
			runOnlyForDeploymentPostprocessing = 0;
		};
		645A33362E16F8380085E8E0 /* Frameworks */ = {
			isa = PBXFrameworksBuildPhase;
			buildActionMask = 2147483647;
			files = (
			);
			runOnlyForDeploymentPostprocessing = 0;
		};
		646CEEAF2DECB62B00B3D14A /* Frameworks */ = {
			isa = PBXFrameworksBuildPhase;
			buildActionMask = 2147483647;
			files = (
				646CEEB72DECB62B00B3D14A /* SwiftUI.framework in Frameworks */,
				646CEEB52DECB62B00B3D14A /* WidgetKit.framework in Frameworks */,
			);
			runOnlyForDeploymentPostprocessing = 0;
		};
/* End PBXFrameworksBuildPhase section */

/* Begin PBXGroup section */
		645612622D9D49EB00B42A73 = {
			isa = PBXGroup;
			children = (
				646CEECD2DECB6D400B3D14A /* MonirInsightsWidgetExtensionRelease.entitlements */,
				646734FA2E0DA37E00F726EE /* MonirInsightsWidgetExtension.entitlements */,
				6456126D2D9D49EB00B42A73 /* m0nee */,
				646CEEB82DECB62B00B3D14A /* MonirInsightsWidget */,
				645A333A2E16F8380085E8E0 /* m0neeTests */,
				646CEEB32DECB62B00B3D14A /* Frameworks */,
				6456126C2D9D49EB00B42A73 /* Products */,
			);
			sourceTree = "<group>";
		};
		6456126C2D9D49EB00B42A73 /* Products */ = {
			isa = PBXGroup;
			children = (
				6456126B2D9D49EB00B42A73 /* m0nee.app */,
				646CEEB22DECB62B00B3D14A /* MonirInsightsWidgetExtension.appex */,
				645A33392E16F8380085E8E0 /* m0neeTests.xctest */,
			);
			name = Products;
			sourceTree = "<group>";
		};
		646CEEB32DECB62B00B3D14A /* Frameworks */ = {
			isa = PBXGroup;
			children = (
				646CEEB42DECB62B00B3D14A /* WidgetKit.framework */,
				646CEEB62DECB62B00B3D14A /* SwiftUI.framework */,
			);
			name = Frameworks;
			sourceTree = "<group>";
		};
/* End PBXGroup section */

/* Begin PBXNativeTarget section */
		6456126A2D9D49EB00B42A73 /* m0nee */ = {
			isa = PBXNativeTarget;
			buildConfigurationList = 645612922D9D49ED00B42A73 /* Build configuration list for PBXNativeTarget "m0nee" */;
			buildPhases = (
				645612672D9D49EB00B42A73 /* Sources */,
				645612682D9D49EB00B42A73 /* Frameworks */,
				645612692D9D49EB00B42A73 /* Resources */,
				646CEEC72DECB62D00B3D14A /* Embed Foundation Extensions */,
			);
			buildRules = (
			);
			dependencies = (
				646CEEC52DECB62D00B3D14A /* PBXTargetDependency */,
			);
			fileSystemSynchronizedGroups = (
				6456126D2D9D49EB00B42A73 /* m0nee */,
			);
			name = m0nee;
			packageProductDependencies = (
			);
			productName = m0nee;
			productReference = 6456126B2D9D49EB00B42A73 /* m0nee.app */;
			productType = "com.apple.product-type.application";
		};
		645A33382E16F8380085E8E0 /* m0neeTests */ = {
			isa = PBXNativeTarget;
			buildConfigurationList = 645A333F2E16F8380085E8E0 /* Build configuration list for PBXNativeTarget "m0neeTests" */;
			buildPhases = (
				645A33352E16F8380085E8E0 /* Sources */,
				645A33362E16F8380085E8E0 /* Frameworks */,
				645A33372E16F8380085E8E0 /* Resources */,
			);
			buildRules = (
			);
			dependencies = (
				645A333E2E16F8380085E8E0 /* PBXTargetDependency */,
			);
			fileSystemSynchronizedGroups = (
				645A333A2E16F8380085E8E0 /* m0neeTests */,
			);
			name = m0neeTests;
			packageProductDependencies = (
			);
			productName = m0neeTests;
			productReference = 645A33392E16F8380085E8E0 /* m0neeTests.xctest */;
			productType = "com.apple.product-type.bundle.unit-test";
		};
		646CEEB12DECB62B00B3D14A /* MonirInsightsWidgetExtension */ = {
			isa = PBXNativeTarget;
			buildConfigurationList = 646CEECA2DECB62D00B3D14A /* Build configuration list for PBXNativeTarget "MonirInsightsWidgetExtension" */;
			buildPhases = (
				646CEEAE2DECB62B00B3D14A /* Sources */,
				646CEEAF2DECB62B00B3D14A /* Frameworks */,
				646CEEB02DECB62B00B3D14A /* Resources */,
			);
			buildRules = (
			);
			dependencies = (
			);
			fileSystemSynchronizedGroups = (
				646CEEB82DECB62B00B3D14A /* MonirInsightsWidget */,
			);
			name = MonirInsightsWidgetExtension;
			packageProductDependencies = (
			);
			productName = MonirInsightsWidgetExtension;
			productReference = 646CEEB22DECB62B00B3D14A /* MonirInsightsWidgetExtension.appex */;
			productType = "com.apple.product-type.app-extension";
		};
/* End PBXNativeTarget section */

/* Begin PBXProject section */
		645612632D9D49EB00B42A73 /* Project object */ = {
			isa = PBXProject;
			attributes = {
				BuildIndependentTargetsInParallel = 1;
				LastSwiftUpdateCheck = 1640;
				LastUpgradeCheck = 1630;
				TargetAttributes = {
					6456126A2D9D49EB00B42A73 = {
						CreatedOnToolsVersion = 16.3;
					};
					645A33382E16F8380085E8E0 = {
						CreatedOnToolsVersion = 16.4;
						TestTargetID = 6456126A2D9D49EB00B42A73;
					};
					646CEEB12DECB62B00B3D14A = {
						CreatedOnToolsVersion = 16.3;
					};
				};
			};
			buildConfigurationList = 645612662D9D49EB00B42A73 /* Build configuration list for PBXProject "m0nee" */;
			developmentRegion = en;
			hasScannedForEncodings = 0;
			knownRegions = (
				en,
				Base,
				ko,
			);
			mainGroup = 645612622D9D49EB00B42A73;
			minimizedProjectReferenceProxies = 1;
			preferredProjectObjectVersion = 77;
			productRefGroup = 6456126C2D9D49EB00B42A73 /* Products */;
			projectDirPath = "";
			projectRoot = "";
			targets = (
				6456126A2D9D49EB00B42A73 /* m0nee */,
				646CEEB12DECB62B00B3D14A /* MonirInsightsWidgetExtension */,
				645A33382E16F8380085E8E0 /* m0neeTests */,
			);
		};
/* End PBXProject section */

/* Begin PBXResourcesBuildPhase section */
		645612692D9D49EB00B42A73 /* Resources */ = {
			isa = PBXResourcesBuildPhase;
			buildActionMask = 2147483647;
			files = (
			);
			runOnlyForDeploymentPostprocessing = 0;
		};
		645A33372E16F8380085E8E0 /* Resources */ = {
			isa = PBXResourcesBuildPhase;
			buildActionMask = 2147483647;
			files = (
			);
			runOnlyForDeploymentPostprocessing = 0;
		};
		646CEEB02DECB62B00B3D14A /* Resources */ = {
			isa = PBXResourcesBuildPhase;
			buildActionMask = 2147483647;
			files = (
			);
			runOnlyForDeploymentPostprocessing = 0;
		};
/* End PBXResourcesBuildPhase section */

/* Begin PBXSourcesBuildPhase section */
		645612672D9D49EB00B42A73 /* Sources */ = {
			isa = PBXSourcesBuildPhase;
			buildActionMask = 2147483647;
			files = (
			);
			runOnlyForDeploymentPostprocessing = 0;
		};
		645A33352E16F8380085E8E0 /* Sources */ = {
			isa = PBXSourcesBuildPhase;
			buildActionMask = 2147483647;
			files = (
			);
			runOnlyForDeploymentPostprocessing = 0;
		};
		646CEEAE2DECB62B00B3D14A /* Sources */ = {
			isa = PBXSourcesBuildPhase;
			buildActionMask = 2147483647;
			files = (
			);
			runOnlyForDeploymentPostprocessing = 0;
		};
/* End PBXSourcesBuildPhase section */

/* Begin PBXTargetDependency section */
		645A333E2E16F8380085E8E0 /* PBXTargetDependency */ = {
			isa = PBXTargetDependency;
			target = 6456126A2D9D49EB00B42A73 /* m0nee */;
			targetProxy = 645A333D2E16F8380085E8E0 /* PBXContainerItemProxy */;
		};
		646CEEC52DECB62D00B3D14A /* PBXTargetDependency */ = {
			isa = PBXTargetDependency;
			target = 646CEEB12DECB62B00B3D14A /* MonirInsightsWidgetExtension */;
			targetProxy = 646CEEC42DECB62D00B3D14A /* PBXContainerItemProxy */;
		};
/* End PBXTargetDependency section */

/* Begin XCBuildConfiguration section */
		645612932D9D49ED00B42A73 /* Debug */ = {
			isa = XCBuildConfiguration;
			buildSettings = {
				ASSETCATALOG_COMPILER_APPICON_NAME = AppIcon;
				ASSETCATALOG_COMPILER_GLOBAL_ACCENT_COLOR_NAME = AccentColor;
				ASSETCATALOG_COMPILER_INCLUDE_ALL_APPICON_ASSETS = YES;
				CODE_SIGN_ENTITLEMENTS = m0nee/m0nee.entitlements;
				CODE_SIGN_IDENTITY = "Apple Development";
				CODE_SIGN_STYLE = Automatic;
				CURRENT_PROJECT_VERSION = 1;
				DEVELOPMENT_TEAM = KA6F76NJV4;
				ENABLE_HARDENED_RUNTIME = YES;
				ENABLE_PREVIEWS = YES;
				GENERATE_INFOPLIST_FILE = YES;
				INFOPLIST_FILE = m0nee/Info.plist;
				INFOPLIST_KEY_CFBundleDisplayName = Monir;
				INFOPLIST_KEY_LSApplicationCategoryType = "public.app-category.finance";
				"INFOPLIST_KEY_UIApplicationSceneManifest_Generation[sdk=iphoneos*]" = YES;
				"INFOPLIST_KEY_UIApplicationSceneManifest_Generation[sdk=iphonesimulator*]" = YES;
				"INFOPLIST_KEY_UIApplicationSupportsIndirectInputEvents[sdk=iphoneos*]" = YES;
				"INFOPLIST_KEY_UIApplicationSupportsIndirectInputEvents[sdk=iphonesimulator*]" = YES;
				"INFOPLIST_KEY_UILaunchScreen_Generation[sdk=iphoneos*]" = YES;
				"INFOPLIST_KEY_UILaunchScreen_Generation[sdk=iphonesimulator*]" = YES;
				"INFOPLIST_KEY_UIStatusBarStyle[sdk=iphoneos*]" = UIStatusBarStyleDefault;
				"INFOPLIST_KEY_UIStatusBarStyle[sdk=iphonesimulator*]" = UIStatusBarStyleDefault;
				INFOPLIST_KEY_UISupportedInterfaceOrientations = UIInterfaceOrientationPortrait;
				IPHONEOS_DEPLOYMENT_TARGET = 17.6;
				LD_RUNPATH_SEARCH_PATHS = "@executable_path/Frameworks";
				"LD_RUNPATH_SEARCH_PATHS[sdk=macosx*]" = "@executable_path/../Frameworks";
				MACOSX_DEPLOYMENT_TARGET = 15.2;
				MARKETING_VERSION = 1.3.1;
				PRODUCT_BUNDLE_IDENTIFIER = chankim.m0nee;
				PRODUCT_NAME = "$(TARGET_NAME)";
				PROVISIONING_PROFILE_SPECIFIER = "";
				REGISTER_APP_GROUPS = YES;
				SDKROOT = auto;
				SUPPORTED_PLATFORMS = "iphoneos iphonesimulator";
				SUPPORTS_MACCATALYST = NO;
				SWIFT_EMIT_LOC_STRINGS = YES;
				SWIFT_VERSION = 5.0;
				TARGETED_DEVICE_FAMILY = 1;
				XROS_DEPLOYMENT_TARGET = 2.4;
			};
			name = Debug;
		};
		645612942D9D49ED00B42A73 /* Release */ = {
			isa = XCBuildConfiguration;
			buildSettings = {
				ASSETCATALOG_COMPILER_APPICON_NAME = AppIcon;
				ASSETCATALOG_COMPILER_GLOBAL_ACCENT_COLOR_NAME = AccentColor;
				ASSETCATALOG_COMPILER_INCLUDE_ALL_APPICON_ASSETS = YES;
				CODE_SIGN_ENTITLEMENTS = m0nee/m0neeRelease.entitlements;
				CODE_SIGN_IDENTITY = "Apple Development";
				CODE_SIGN_STYLE = Automatic;
				CURRENT_PROJECT_VERSION = 1;
				DEVELOPMENT_TEAM = KA6F76NJV4;
				ENABLE_HARDENED_RUNTIME = YES;
				ENABLE_PREVIEWS = YES;
				GENERATE_INFOPLIST_FILE = YES;
				INFOPLIST_FILE = m0nee/Info.plist;
				INFOPLIST_KEY_CFBundleDisplayName = Monir;
				INFOPLIST_KEY_LSApplicationCategoryType = "public.app-category.finance";
				"INFOPLIST_KEY_UIApplicationSceneManifest_Generation[sdk=iphoneos*]" = YES;
				"INFOPLIST_KEY_UIApplicationSceneManifest_Generation[sdk=iphonesimulator*]" = YES;
				"INFOPLIST_KEY_UIApplicationSupportsIndirectInputEvents[sdk=iphoneos*]" = YES;
				"INFOPLIST_KEY_UIApplicationSupportsIndirectInputEvents[sdk=iphonesimulator*]" = YES;
				"INFOPLIST_KEY_UILaunchScreen_Generation[sdk=iphoneos*]" = YES;
				"INFOPLIST_KEY_UILaunchScreen_Generation[sdk=iphonesimulator*]" = YES;
				"INFOPLIST_KEY_UIStatusBarStyle[sdk=iphoneos*]" = UIStatusBarStyleDefault;
				"INFOPLIST_KEY_UIStatusBarStyle[sdk=iphonesimulator*]" = UIStatusBarStyleDefault;
				INFOPLIST_KEY_UISupportedInterfaceOrientations = UIInterfaceOrientationPortrait;
				IPHONEOS_DEPLOYMENT_TARGET = 17.6;
				LD_RUNPATH_SEARCH_PATHS = "@executable_path/Frameworks";
				"LD_RUNPATH_SEARCH_PATHS[sdk=macosx*]" = "@executable_path/../Frameworks";
				MACOSX_DEPLOYMENT_TARGET = 15.2;
				MARKETING_VERSION = 1.3.1;
				PRODUCT_BUNDLE_IDENTIFIER = chankim.m0nee;
				PRODUCT_NAME = "$(TARGET_NAME)";
				PROVISIONING_PROFILE_SPECIFIER = "";
				REGISTER_APP_GROUPS = YES;
				SDKROOT = auto;
				SUPPORTED_PLATFORMS = "iphoneos iphonesimulator";
				SUPPORTS_MACCATALYST = NO;
				SWIFT_EMIT_LOC_STRINGS = YES;
				SWIFT_VERSION = 5.0;
				TARGETED_DEVICE_FAMILY = 1;
				XROS_DEPLOYMENT_TARGET = 2.4;
			};
			name = Release;
		};
		645612952D9D49ED00B42A73 /* Debug */ = {
			isa = XCBuildConfiguration;
			buildSettings = {
				ALWAYS_SEARCH_USER_PATHS = NO;
				ASSETCATALOG_COMPILER_GENERATE_SWIFT_ASSET_SYMBOL_EXTENSIONS = YES;
				CLANG_ANALYZER_NONNULL = YES;
				CLANG_ANALYZER_NUMBER_OBJECT_CONVERSION = YES_AGGRESSIVE;
				CLANG_CXX_LANGUAGE_STANDARD = "gnu++20";
				CLANG_ENABLE_MODULES = YES;
				CLANG_ENABLE_OBJC_ARC = YES;
				CLANG_ENABLE_OBJC_WEAK = YES;
				CLANG_WARN_BLOCK_CAPTURE_AUTORELEASING = YES;
				CLANG_WARN_BOOL_CONVERSION = YES;
				CLANG_WARN_COMMA = YES;
				CLANG_WARN_CONSTANT_CONVERSION = YES;
				CLANG_WARN_DEPRECATED_OBJC_IMPLEMENTATIONS = YES;
				CLANG_WARN_DIRECT_OBJC_ISA_USAGE = YES_ERROR;
				CLANG_WARN_DOCUMENTATION_COMMENTS = YES;
				CLANG_WARN_EMPTY_BODY = YES;
				CLANG_WARN_ENUM_CONVERSION = YES;
				CLANG_WARN_INFINITE_RECURSION = YES;
				CLANG_WARN_INT_CONVERSION = YES;
				CLANG_WARN_NON_LITERAL_NULL_CONVERSION = YES;
				CLANG_WARN_OBJC_IMPLICIT_RETAIN_SELF = YES;
				CLANG_WARN_OBJC_LITERAL_CONVERSION = YES;
				CLANG_WARN_OBJC_ROOT_CLASS = YES_ERROR;
				CLANG_WARN_QUOTED_INCLUDE_IN_FRAMEWORK_HEADER = YES;
				CLANG_WARN_RANGE_LOOP_ANALYSIS = YES;
				CLANG_WARN_STRICT_PROTOTYPES = YES;
				CLANG_WARN_SUSPICIOUS_MOVE = YES;
				CLANG_WARN_UNGUARDED_AVAILABILITY = YES_AGGRESSIVE;
				CLANG_WARN_UNREACHABLE_CODE = YES;
				CLANG_WARN__DUPLICATE_METHOD_MATCH = YES;
				COPY_PHASE_STRIP = NO;
				DEBUG_INFORMATION_FORMAT = dwarf;
				DEVELOPMENT_TEAM = KA6F76NJV4;
				ENABLE_STRICT_OBJC_MSGSEND = YES;
				ENABLE_TESTABILITY = YES;
				ENABLE_USER_SCRIPT_SANDBOXING = YES;
				GCC_C_LANGUAGE_STANDARD = gnu17;
				GCC_DYNAMIC_NO_PIC = NO;
				GCC_NO_COMMON_BLOCKS = YES;
				GCC_OPTIMIZATION_LEVEL = 0;
				GCC_PREPROCESSOR_DEFINITIONS = (
					"DEBUG=1",
					"$(inherited)",
				);
				GCC_WARN_64_TO_32_BIT_CONVERSION = YES;
				GCC_WARN_ABOUT_RETURN_TYPE = YES_ERROR;
				GCC_WARN_UNDECLARED_SELECTOR = YES;
				GCC_WARN_UNINITIALIZED_AUTOS = YES_AGGRESSIVE;
				GCC_WARN_UNUSED_FUNCTION = YES;
				GCC_WARN_UNUSED_VARIABLE = YES;
				IPHONEOS_DEPLOYMENT_TARGET = 18.0;
				LOCALIZATION_PREFERS_STRING_CATALOGS = YES;
				MTL_ENABLE_DEBUG_INFO = INCLUDE_SOURCE;
				MTL_FAST_MATH = YES;
				ONLY_ACTIVE_ARCH = YES;
				PRODUCT_NAME = Monir;
				SWIFT_ACTIVE_COMPILATION_CONDITIONS = "DEBUG $(inherited)";
				SWIFT_EMIT_LOC_STRINGS = YES;
				SWIFT_OPTIMIZATION_LEVEL = "-Onone";
				TARGETED_DEVICE_FAMILY = "";
			};
			name = Debug;
		};
		645612962D9D49ED00B42A73 /* Release */ = {
			isa = XCBuildConfiguration;
			buildSettings = {
				ALWAYS_SEARCH_USER_PATHS = NO;
				ASSETCATALOG_COMPILER_GENERATE_SWIFT_ASSET_SYMBOL_EXTENSIONS = YES;
				CLANG_ANALYZER_NONNULL = YES;
				CLANG_ANALYZER_NUMBER_OBJECT_CONVERSION = YES_AGGRESSIVE;
				CLANG_CXX_LANGUAGE_STANDARD = "gnu++20";
				CLANG_ENABLE_MODULES = YES;
				CLANG_ENABLE_OBJC_ARC = YES;
				CLANG_ENABLE_OBJC_WEAK = YES;
				CLANG_WARN_BLOCK_CAPTURE_AUTORELEASING = YES;
				CLANG_WARN_BOOL_CONVERSION = YES;
				CLANG_WARN_COMMA = YES;
				CLANG_WARN_CONSTANT_CONVERSION = YES;
				CLANG_WARN_DEPRECATED_OBJC_IMPLEMENTATIONS = YES;
				CLANG_WARN_DIRECT_OBJC_ISA_USAGE = YES_ERROR;
				CLANG_WARN_DOCUMENTATION_COMMENTS = YES;
				CLANG_WARN_EMPTY_BODY = YES;
				CLANG_WARN_ENUM_CONVERSION = YES;
				CLANG_WARN_INFINITE_RECURSION = YES;
				CLANG_WARN_INT_CONVERSION = YES;
				CLANG_WARN_NON_LITERAL_NULL_CONVERSION = YES;
				CLANG_WARN_OBJC_IMPLICIT_RETAIN_SELF = YES;
				CLANG_WARN_OBJC_LITERAL_CONVERSION = YES;
				CLANG_WARN_OBJC_ROOT_CLASS = YES_ERROR;
				CLANG_WARN_QUOTED_INCLUDE_IN_FRAMEWORK_HEADER = YES;
				CLANG_WARN_RANGE_LOOP_ANALYSIS = YES;
				CLANG_WARN_STRICT_PROTOTYPES = YES;
				CLANG_WARN_SUSPICIOUS_MOVE = YES;
				CLANG_WARN_UNGUARDED_AVAILABILITY = YES_AGGRESSIVE;
				CLANG_WARN_UNREACHABLE_CODE = YES;
				CLANG_WARN__DUPLICATE_METHOD_MATCH = YES;
				COPY_PHASE_STRIP = NO;
				DEBUG_INFORMATION_FORMAT = "dwarf-with-dsym";
				DEVELOPMENT_TEAM = KA6F76NJV4;
				ENABLE_NS_ASSERTIONS = NO;
				ENABLE_STRICT_OBJC_MSGSEND = YES;
				ENABLE_USER_SCRIPT_SANDBOXING = YES;
				GCC_C_LANGUAGE_STANDARD = gnu17;
				GCC_NO_COMMON_BLOCKS = YES;
				GCC_WARN_64_TO_32_BIT_CONVERSION = YES;
				GCC_WARN_ABOUT_RETURN_TYPE = YES_ERROR;
				GCC_WARN_UNDECLARED_SELECTOR = YES;
				GCC_WARN_UNINITIALIZED_AUTOS = YES_AGGRESSIVE;
				GCC_WARN_UNUSED_FUNCTION = YES;
				GCC_WARN_UNUSED_VARIABLE = YES;
				IPHONEOS_DEPLOYMENT_TARGET = 18.0;
				LOCALIZATION_PREFERS_STRING_CATALOGS = YES;
				MTL_ENABLE_DEBUG_INFO = NO;
				MTL_FAST_MATH = YES;
				PRODUCT_NAME = Monir;
				SWIFT_COMPILATION_MODE = wholemodule;
				SWIFT_EMIT_LOC_STRINGS = YES;
				TARGETED_DEVICE_FAMILY = "";
			};
			name = Release;
		};
		645A33402E16F8380085E8E0 /* Debug */ = {
			isa = XCBuildConfiguration;
			buildSettings = {
				BUNDLE_LOADER = "$(TEST_HOST)";
				CODE_SIGN_STYLE = Automatic;
				CURRENT_PROJECT_VERSION = 1;
				DEVELOPMENT_TEAM = KA6F76NJV4;
				GENERATE_INFOPLIST_FILE = YES;
				IPHONEOS_DEPLOYMENT_TARGET = 18.5;
				MARKETING_VERSION = 1.0;
				PRODUCT_BUNDLE_IDENTIFIER = chankim.m0neeTests;
				PRODUCT_NAME = "$(TARGET_NAME)";
				SDKROOT = iphoneos;
				SWIFT_EMIT_LOC_STRINGS = NO;
				SWIFT_VERSION = 5.0;
				TARGETED_DEVICE_FAMILY = "1,2";
				TEST_HOST = "$(BUILT_PRODUCTS_DIR)/m0nee.app/$(BUNDLE_EXECUTABLE_FOLDER_PATH)/m0nee";
			};
			name = Debug;
		};
		645A33412E16F8380085E8E0 /* Release */ = {
			isa = XCBuildConfiguration;
			buildSettings = {
				BUNDLE_LOADER = "$(TEST_HOST)";
				CODE_SIGN_STYLE = Automatic;
				CURRENT_PROJECT_VERSION = 1;
				DEVELOPMENT_TEAM = KA6F76NJV4;
				GENERATE_INFOPLIST_FILE = YES;
				IPHONEOS_DEPLOYMENT_TARGET = 18.5;
				MARKETING_VERSION = 1.0;
				PRODUCT_BUNDLE_IDENTIFIER = chankim.m0neeTests;
				PRODUCT_NAME = "$(TARGET_NAME)";
				SDKROOT = iphoneos;
				SWIFT_EMIT_LOC_STRINGS = NO;
				SWIFT_VERSION = 5.0;
				TARGETED_DEVICE_FAMILY = "1,2";
				TEST_HOST = "$(BUILT_PRODUCTS_DIR)/m0nee.app/$(BUNDLE_EXECUTABLE_FOLDER_PATH)/m0nee";
				VALIDATE_PRODUCT = YES;
			};
			name = Release;
		};
		646CEEC82DECB62D00B3D14A /* Debug */ = {
			isa = XCBuildConfiguration;
			buildSettings = {
				ASSETCATALOG_COMPILER_GLOBAL_ACCENT_COLOR_NAME = AccentColor;
				ASSETCATALOG_COMPILER_WIDGET_BACKGROUND_COLOR_NAME = WidgetBackground;
				CODE_SIGN_ENTITLEMENTS = MonirInsightsWidgetExtension.entitlements;
				CODE_SIGN_IDENTITY = "Apple Development";
				CODE_SIGN_STYLE = Automatic;
				CURRENT_PROJECT_VERSION = 1;
				DEVELOPMENT_TEAM = KA6F76NJV4;
				GENERATE_INFOPLIST_FILE = YES;
				INFOPLIST_FILE = MonirInsightsWidget/Info.plist;
				INFOPLIST_KEY_CFBundleDisplayName = MonirInsightsWidget;
				INFOPLIST_KEY_NSHumanReadableCopyright = "";
				IPHONEOS_DEPLOYMENT_TARGET = 18.4;
				LD_RUNPATH_SEARCH_PATHS = (
					"$(inherited)",
					"@executable_path/Frameworks",
					"@executable_path/../../Frameworks",
				);
				MARKETING_VERSION = 1.3.1;
				PRODUCT_BUNDLE_IDENTIFIER = chankim.m0nee.MonirInsightsWidget;
				PRODUCT_NAME = "$(TARGET_NAME)";
				SDKROOT = iphoneos;
				SKIP_INSTALL = YES;
				SWIFT_EMIT_LOC_STRINGS = YES;
				SWIFT_VERSION = 5.0;
				TARGETED_DEVICE_FAMILY = "1,2";
			};
			name = Debug;
		};
		646CEEC92DECB62D00B3D14A /* Release */ = {
			isa = XCBuildConfiguration;
			buildSettings = {
				ASSETCATALOG_COMPILER_GLOBAL_ACCENT_COLOR_NAME = AccentColor;
				ASSETCATALOG_COMPILER_WIDGET_BACKGROUND_COLOR_NAME = WidgetBackground;
				CODE_SIGN_ENTITLEMENTS = MonirInsightsWidgetExtensionRelease.entitlements;
				CODE_SIGN_IDENTITY = "Apple Development";
				CODE_SIGN_STYLE = Automatic;
				CURRENT_PROJECT_VERSION = 1;
				DEVELOPMENT_TEAM = KA6F76NJV4;
				GENERATE_INFOPLIST_FILE = YES;
				INFOPLIST_FILE = MonirInsightsWidget/Info.plist;
				INFOPLIST_KEY_CFBundleDisplayName = MonirInsightsWidget;
				INFOPLIST_KEY_NSHumanReadableCopyright = "";
				IPHONEOS_DEPLOYMENT_TARGET = 18.4;
				LD_RUNPATH_SEARCH_PATHS = (
					"$(inherited)",
					"@executable_path/Frameworks",
					"@executable_path/../../Frameworks",
				);
				MARKETING_VERSION = 1.3.1;
				PRODUCT_BUNDLE_IDENTIFIER = chankim.m0nee.MonirInsightsWidget;
				PRODUCT_NAME = "$(TARGET_NAME)";
				SDKROOT = iphoneos;
				SKIP_INSTALL = YES;
				SWIFT_EMIT_LOC_STRINGS = YES;
				SWIFT_VERSION = 5.0;
				TARGETED_DEVICE_FAMILY = "1,2";
				VALIDATE_PRODUCT = YES;
			};
			name = Release;
		};
/* End XCBuildConfiguration section */

/* Begin XCConfigurationList section */
		645612662D9D49EB00B42A73 /* Build configuration list for PBXProject "m0nee" */ = {
			isa = XCConfigurationList;
			buildConfigurations = (
				645612952D9D49ED00B42A73 /* Debug */,
				645612962D9D49ED00B42A73 /* Release */,
			);
			defaultConfigurationIsVisible = 0;
			defaultConfigurationName = Release;
		};
		645612922D9D49ED00B42A73 /* Build configuration list for PBXNativeTarget "m0nee" */ = {
			isa = XCConfigurationList;
			buildConfigurations = (
				645612932D9D49ED00B42A73 /* Debug */,
				645612942D9D49ED00B42A73 /* Release */,
			);
			defaultConfigurationIsVisible = 0;
			defaultConfigurationName = Release;
		};
		645A333F2E16F8380085E8E0 /* Build configuration list for PBXNativeTarget "m0neeTests" */ = {
			isa = XCConfigurationList;
			buildConfigurations = (
				645A33402E16F8380085E8E0 /* Debug */,
				645A33412E16F8380085E8E0 /* Release */,
			);
			defaultConfigurationIsVisible = 0;
			defaultConfigurationName = Release;
		};
		646CEECA2DECB62D00B3D14A /* Build configuration list for PBXNativeTarget "MonirInsightsWidgetExtension" */ = {
			isa = XCConfigurationList;
			buildConfigurations = (
				646CEEC82DECB62D00B3D14A /* Debug */,
				646CEEC92DECB62D00B3D14A /* Release */,
			);
			defaultConfigurationIsVisible = 0;
			defaultConfigurationName = Release;
		};
/* End XCConfigurationList section */
	};
	rootObject = 645612632D9D49EB00B42A73 /* Project object */;
}
